
Microsoft Visual Studio Solution File, Format Version 12.00
# Visual Studio Version 17
VisualStudioVersion = 17.5.002.0
MinimumVisualStudioVersion = 10.0.40219.1
Project("{9A19103F-16F7-4668-BE54-9A1E7A4F7556}") = "ASPCMVC01", "ASPCMVC01.csproj", "{C947A211-C896-4057-9627-733C93C5C7C9}"
EndProject
Global
	GlobalSection(SolutionConfigurationPlatforms) = preSolution
		Debug|Any CPU = Debug|Any CPU
		Release|Any CPU = Release|Any CPU
	EndGlobalSection
	GlobalSection(ProjectConfigurationPlatforms) = postSolution
		{C947A211-C896-4057-9627-733C93C5C7C9}.Debug|Any CPU.ActiveCfg = Debug|Any CPU
		{C947A211-C896-4057-9627-733C93C5C7C9}.Debug|Any CPU.Build.0 = Debug|Any CPU
		{C947A211-C896-4057-9627-733C93C5C7C9}.Release|Any CPU.ActiveCfg = Release|Any CPU
		{C947A211-C896-4057-9627-733C93C5C7C9}.Release|Any CPU.Build.0 = Release|Any CPU
	EndGlobalSection
	GlobalSection(SolutionProperties) = preSolution
		HideSolutionNode = FALSE
	EndGlobalSection
	GlobalSection(ExtensibilityGlobals) = postSolution
		SolutionGuid = {E0F9380D-1AF6-4B0F-B5C1-F4366C5594A6}
	EndGlobalSection
EndGlobal
